dependencies:
- name: download-controller
  repository: https://ghga-de.github.io/charts
  version: 2.0.9
- name: encryption-key-store
  repository: https://ghga-de.github.io/charts
  version: 2.0.6
- name: file-ingest
  repository: https://ghga-de.github.io/charts
  version: 3.0.3
- name: internal-file-registry
  repository: https://ghga-de.github.io/charts
  version: 2.0.8
digest: sha256:22f996ca14b390d7e11f66ec1566194e9ce04ffc220247370644c60e3b471c63
generated: "2024-10-09T20:18:08.933638121+02:00"
